
Microsoft Visual Studio Solution File, Format Version 12.00
# Visual Studio Version 17
VisualStudioVersion = 17.9.34616.47
MinimumVisualStudioVersion = 10.0.40219.1
Project("{9A19103F-16F7-4668-BE54-9A1E7A4F7556}") = "AbstractVsInterface", "AbstractVsInterface\AbstractVsInterface.csproj", "{7418EFA6-90CE-483A-B7B7-D28BF3EA20AD}"
EndProject
Global
	GlobalSection(SolutionConfigurationPlatforms) = preSolution
		Debug|Any CPU = Debug|Any CPU
		Release|Any CPU = Release|Any CPU
	EndGlobalSection
	GlobalSection(ProjectConfigurationPlatforms) = postSolution
		{7418EFA6-90CE-483A-B7B7-D28BF3EA20AD}.Debug|Any CPU.ActiveCfg = Debug|Any CPU
		{7418EFA6-90CE-483A-B7B7-D28BF3EA20AD}.Debug|Any CPU.Build.0 = Debug|Any CPU
		{7418EFA6-90CE-483A-B7B7-D28BF3EA20AD}.Release|Any CPU.ActiveCfg = Release|Any CPU
		{7418EFA6-90CE-483A-B7B7-D28BF3EA20AD}.Release|Any CPU.Build.0 = Release|Any CPU
	EndGlobalSection
	GlobalSection(SolutionProperties) = preSolution
		HideSolutionNode = FALSE
	EndGlobalSection
	GlobalSection(ExtensibilityGlobals) = postSolution
		SolutionGuid = {72612834-3F66-4579-99A2-AB26A3255777}
	EndGlobalSection
EndGlobal
